{
  "name": "phaser3-test",
  "version": "0.0.0",
  "lockfileVersion": 1,
  "requires": true,
  "dependencies": {
    "phaser": {
      "version": "3.0.0-beta.6",
      "resolved": "https://registry.npmjs.org/phaser/-/phaser-3.0.0-beta.6.tgz",
      "integrity": "sha1-E7Uh1Q8BSQZgQYci3d4ZdexOpoA=",
      "dev": true
    },
    "phaser3-examples": {
      "version": "github:photonstorm/phaser3-examples#a7625c3f3336217a39125e8a9e80910c1964b0af",
      "dev": true
    },
    "stats.js": {
      "version": "github:pavle-goloskokovic/stats.js#f14876dbc5880c0ec404ecb61d281b4d387cbc00",
      "dev": true
    }
  }
}
